
Microsoft Visual Studio Solution File, Format Version 12.00
# Visual Studio Version 16
VisualStudioVersion = 16.0.31112.23
MinimumVisualStudioVersion = 10.0.40219.1
Project("{FAE04EC0-301F-11D3-BF4B-00C04F79EFBC}") = "DeskBooker.Core.Tests", "DeskBooker.Core.Tests\DeskBooker.Core.Tests.csproj", "{8377E985-9458-4A81-84F6-905E5DF6E0CD}"
EndProject
Project("{FAE04EC0-301F-11D3-BF4B-00C04F79EFBC}") = "DeskBooker.Core", "DeskBooker.Core\DeskBooker.Core.csproj", "{1CE79E09-5D4F-49C8-B5AB-2217FFFAB170}"
EndProject
Global
	GlobalSection(SolutionConfigurationPlatforms) = preSolution
		Debug|Any CPU = Debug|Any CPU
		Release|Any CPU = Release|Any CPU
	EndGlobalSection
	GlobalSection(ProjectConfigurationPlatforms) = postSolution
		{8377E985-9458-4A81-84F6-905E5DF6E0CD}.Debug|Any CPU.ActiveCfg = Debug|Any CPU
		{8377E985-9458-4A81-84F6-905E5DF6E0CD}.Debug|Any CPU.Build.0 = Debug|Any CPU
		{8377E985-9458-4A81-84F6-905E5DF6E0CD}.Release|Any CPU.ActiveCfg = Release|Any CPU
		{8377E985-9458-4A81-84F6-905E5DF6E0CD}.Release|Any CPU.Build.0 = Release|Any CPU
		{1CE79E09-5D4F-49C8-B5AB-2217FFFAB170}.Debug|Any CPU.ActiveCfg = Debug|Any CPU
		{1CE79E09-5D4F-49C8-B5AB-2217FFFAB170}.Debug|Any CPU.Build.0 = Debug|Any CPU
		{1CE79E09-5D4F-49C8-B5AB-2217FFFAB170}.Release|Any CPU.ActiveCfg = Release|Any CPU
		{1CE79E09-5D4F-49C8-B5AB-2217FFFAB170}.Release|Any CPU.Build.0 = Release|Any CPU
	EndGlobalSection
	GlobalSection(SolutionProperties) = preSolution
		HideSolutionNode = FALSE
	EndGlobalSection
	GlobalSection(ExtensibilityGlobals) = postSolution
		SolutionGuid = {40B51F73-0853-44E2-9B3B-3688C7DE74AB}
	EndGlobalSection
EndGlobal
